
Microsoft Visual Studio Solution File, Format Version 12.00
# Visual Studio Version 16
VisualStudioVersion = 16.0.31424.327
MinimumVisualStudioVersion = 10.0.40219.1
Project("{FAE04EC0-301F-11D3-BF4B-00C04F79EFBC}") = "Android App Uninstaller", "Android App Uninstaller.csproj", "{BACD66FB-106D-4485-A5F4-488CF8B7E77A}"
EndProject
Global
	GlobalSection(SolutionConfigurationPlatforms) = preSolution
		Debug|Any CPU = Debug|Any CPU
		Release|Any CPU = Release|Any CPU
	EndGlobalSection
	GlobalSection(ProjectConfigurationPlatforms) = postSolution
		{BACD66FB-106D-4485-A5F4-488CF8B7E77A}.Debug|Any CPU.ActiveCfg = Debug|Any CPU
		{BACD66FB-106D-4485-A5F4-488CF8B7E77A}.Debug|Any CPU.Build.0 = Debug|Any CPU
		{BACD66FB-106D-4485-A5F4-488CF8B7E77A}.Release|Any CPU.ActiveCfg = Release|Any CPU
		{BACD66FB-106D-4485-A5F4-488CF8B7E77A}.Release|Any CPU.Build.0 = Release|Any CPU
	EndGlobalSection
	GlobalSection(SolutionProperties) = preSolution
		HideSolutionNode = FALSE
	EndGlobalSection
	GlobalSection(ExtensibilityGlobals) = postSolution
		SolutionGuid = {02826722-70C6-409D-883A-C7425F6621A3}
	EndGlobalSection
EndGlobal
